
Microsoft Visual Studio Solution File, Format Version 12.00
# Visual Studio Version 17
VisualStudioVersion = 17.9.34728.123
MinimumVisualStudioVersion = 10.0.40219.1
Project("{9A19103F-16F7-4668-BE54-9A1E7A4F7556}") = "InvoiceXsltStudio", "InvoiceXsltStudio\InvoiceXsltStudio.csproj", "{EBDECE3C-4BD8-4E6B-B181-5491547BC697}"
EndProject
Global
	GlobalSection(SolutionConfigurationPlatforms) = preSolution
		Debug|Any CPU = Debug|Any CPU
		Release|Any CPU = Release|Any CPU
	EndGlobalSection
	GlobalSection(ProjectConfigurationPlatforms) = postSolution
		{EBDECE3C-4BD8-4E6B-B181-5491547BC697}.Debug|Any CPU.ActiveCfg = Debug|Any CPU
		{EBDECE3C-4BD8-4E6B-B181-5491547BC697}.Debug|Any CPU.Build.0 = Debug|Any CPU
		{EBDECE3C-4BD8-4E6B-B181-5491547BC697}.Release|Any CPU.ActiveCfg = Release|Any CPU
		{EBDECE3C-4BD8-4E6B-B181-5491547BC697}.Release|Any CPU.Build.0 = Release|Any CPU
	EndGlobalSection
	GlobalSection(SolutionProperties) = preSolution
		HideSolutionNode = FALSE
	EndGlobalSection
	GlobalSection(ExtensibilityGlobals) = postSolution
		SolutionGuid = {074A954C-5ABF-44B4-859D-A50168F4D6FC}
	EndGlobalSection
EndGlobal
